
Microsoft Visual Studio Solution File, Format Version 12.00
# Visual Studio Version 16
VisualStudioVersion = 16.0.29709.97
MinimumVisualStudioVersion = 10.0.40219.1
Project("{FAE04EC0-301F-11D3-BF4B-00C04F79EFBC}") = "KenkoApp", "KenkoApp.csproj", "{B6BED1A7-C10B-46C0-9E14-BBFE2A592637}"
EndProject
Global
	GlobalSection(SolutionConfigurationPlatforms) = preSolution
		Debug|Any CPU = Debug|Any CPU
		Release|Any CPU = Release|Any CPU
	EndGlobalSection
	GlobalSection(ProjectConfigurationPlatforms) = postSolution
		{B6BED1A7-C10B-46C0-9E14-BBFE2A592637}.Debug|Any CPU.ActiveCfg = Debug|Any CPU
		{B6BED1A7-C10B-46C0-9E14-BBFE2A592637}.Debug|Any CPU.Build.0 = Debug|Any CPU
		{B6BED1A7-C10B-46C0-9E14-BBFE2A592637}.Release|Any CPU.ActiveCfg = Release|Any CPU
		{B6BED1A7-C10B-46C0-9E14-BBFE2A592637}.Release|Any CPU.Build.0 = Release|Any CPU
	EndGlobalSection
	GlobalSection(SolutionProperties) = preSolution
		HideSolutionNode = FALSE
	EndGlobalSection
	GlobalSection(ExtensibilityGlobals) = postSolution
		SolutionGuid = {3884175B-DA39-4AC0-BF59-1E2728BFB873}
	EndGlobalSection
EndGlobal
